<Solution>
  <Folder Name="/examples/">
    <Project Path="examples/TeaSharp.AdvancedWidgetsExample/TeaSharp.AdvancedWidgetsExample.csproj" />
    <Project Path="examples/TeaSharp.ComboBoxExample/TeaSharp.ComboBoxExample.csproj" />
    <Project Path="examples/TeaSharp.DropdownExample/TeaSharp.DropdownExample.csproj" />
    <Project Path="examples/TeaSharp.Examples/TeaSharp.Examples.csproj" />
    <Project Path="examples/TeaSharp.ProductivityWidgetsExample/TeaSharp.ProductivityWidgetsExample.csproj" />
    <Project Path="examples/TeaSharp.WidgetGallery/TeaSharp.WidgetGallery.csproj" />
  </Folder>
  <Folder Name="/src/">
    <Project Path="src/TeaSharp.Cli/TeaSharp.Cli.csproj" />
    <Project Path="src/TeaSharp.Core/TeaSharp.Core.csproj" />
    <Project Path="src/TeaSharp/TeaSharp.csproj" />
  </Folder>
  <Folder Name="/tests/">
    <Project Path="tests/TeaSharp.IntegrationTests/TeaSharp.IntegrationTests.csproj" />
    <Project Path="tests/TeaSharp.Tests/TeaSharp.Tests.csproj" />
  </Folder>
</Solution>
