<Solution>
  <Folder Name="/src/">
    <Project Path="src/TeaSharp.Core/TeaSharp.Core.csproj" />
    <Project Path="src/TeaSharp/TeaSharp.csproj" />
  </Folder>
  <Folder Name="/tests/">
    <Project Path="tests/TeaSharp.IntegrationTests/TeaSharp.IntegrationTests.csproj" />
    <Project Path="tests/TeaSharp.Tests/TeaSharp.Tests.csproj" />
  </Folder>
</Solution>
