<Solution>
  <Folder Name="/benchmarks/">
    <Project Path="benchmarks/Tessera.Benchmarks/Tessera.Benchmarks.csproj" />
  </Folder>
  <Folder Name="/src/">
    <Project Path="src/Tessera/Tessera.csproj" />
  </Folder>
  <Folder Name="/tests/">
    <Project Path="tests/Tessera.IntegrationTests/Tessera.IntegrationTests.csproj" />
    <Project Path="tests/Tessera.Tests/Tessera.Tests.csproj" />
    <Project Path="tests\Tessera.IntegrationFixtureApp\Tessera.IntegrationFixtureApp.csproj" Type="Classic C#" />
  </Folder>
</Solution>